
Microsoft Visual Studio Solution File, Format Version 12.00
# Visual Studio Version 17
VisualStudioVersion = 17.14.36221.1 d17.14
MinimumVisualStudioVersion = 10.0.40219.1
Project("{FAE04EC0-301F-11D3-BF4B-00C04F79EFBC}") = "Generics", "Generics.csproj", "{044A4524-331C-4BB1-B0D6-6575D5CA5FCB}"
EndProject
Global
	GlobalSection(SolutionConfigurationPlatforms) = preSolution
		Debug|Any CPU = Debug|Any CPU
		Release|Any CPU = Release|Any CPU
	EndGlobalSection
	GlobalSection(ProjectConfigurationPlatforms) = postSolution
		{044A4524-331C-4BB1-B0D6-6575D5CA5FCB}.Debug|Any CPU.ActiveCfg = Debug|Any CPU
		{044A4524-331C-4BB1-B0D6-6575D5CA5FCB}.Debug|Any CPU.Build.0 = Debug|Any CPU
		{044A4524-331C-4BB1-B0D6-6575D5CA5FCB}.Release|Any CPU.ActiveCfg = Release|Any CPU
		{044A4524-331C-4BB1-B0D6-6575D5CA5FCB}.Release|Any CPU.Build.0 = Release|Any CPU
	EndGlobalSection
	GlobalSection(SolutionProperties) = preSolution
		HideSolutionNode = FALSE
	EndGlobalSection
	GlobalSection(ExtensibilityGlobals) = postSolution
		SolutionGuid = {4A00647C-C42C-435F-8669-821BC9D9DB86}
	EndGlobalSection
EndGlobal
