
Microsoft Visual Studio Solution File, Format Version 12.00
# Visual Studio Version 17
VisualStudioVersion = 17.14.36202.13 d17.14
MinimumVisualStudioVersion = 10.0.40219.1
Project("{FAE04EC0-301F-11D3-BF4B-00C04F79EFBC}") = "EntradaDeDados2", "EntradaDeDados2\EntradaDeDados2.csproj", "{C1DD68D6-E815-458C-B10B-7539957954B9}"
EndProject
Global
	GlobalSection(SolutionConfigurationPlatforms) = preSolution
		Debug|Any CPU = Debug|Any CPU
		Release|Any CPU = Release|Any CPU
	EndGlobalSection
	GlobalSection(ProjectConfigurationPlatforms) = postSolution
		{C1DD68D6-E815-458C-B10B-7539957954B9}.Debug|Any CPU.ActiveCfg = Debug|Any CPU
		{C1DD68D6-E815-458C-B10B-7539957954B9}.Debug|Any CPU.Build.0 = Debug|Any CPU
		{C1DD68D6-E815-458C-B10B-7539957954B9}.Release|Any CPU.ActiveCfg = Release|Any CPU
		{C1DD68D6-E815-458C-B10B-7539957954B9}.Release|Any CPU.Build.0 = Release|Any CPU
	EndGlobalSection
	GlobalSection(SolutionProperties) = preSolution
		HideSolutionNode = FALSE
	EndGlobalSection
	GlobalSection(ExtensibilityGlobals) = postSolution
		SolutionGuid = {8B8BC0D6-3C81-4E12-8FF3-0DCCCFB65429}
	EndGlobalSection
EndGlobal
