
Microsoft Visual Studio Solution File, Format Version 12.00
# Visual Studio Version 17
VisualStudioVersion = 17.14.36221.1 d17.14
MinimumVisualStudioVersion = 10.0.40219.1
Project("{FAE04EC0-301F-11D3-BF4B-00C04F79EFBC}") = "ExercicioDeFixacao02", "ExercicioDeFixacao02\ExercicioDeFixacao02.csproj", "{B38F531B-7501-46FD-834C-5D88A29E3499}"
EndProject
Global
	GlobalSection(SolutionConfigurationPlatforms) = preSolution
		Debug|Any CPU = Debug|Any CPU
		Release|Any CPU = Release|Any CPU
	EndGlobalSection
	GlobalSection(ProjectConfigurationPlatforms) = postSolution
		{B38F531B-7501-46FD-834C-5D88A29E3499}.Debug|Any CPU.ActiveCfg = Debug|Any CPU
		{B38F531B-7501-46FD-834C-5D88A29E3499}.Debug|Any CPU.Build.0 = Debug|Any CPU
		{B38F531B-7501-46FD-834C-5D88A29E3499}.Release|Any CPU.ActiveCfg = Release|Any CPU
		{B38F531B-7501-46FD-834C-5D88A29E3499}.Release|Any CPU.Build.0 = Release|Any CPU
	EndGlobalSection
	GlobalSection(SolutionProperties) = preSolution
		HideSolutionNode = FALSE
	EndGlobalSection
	GlobalSection(ExtensibilityGlobals) = postSolution
		SolutionGuid = {98E33A62-E869-4EC8-96A9-CC61698EEC5D}
	EndGlobalSection
EndGlobal
