
Microsoft Visual Studio Solution File, Format Version 12.00
# Visual Studio Version 17
VisualStudioVersion = 17.14.36221.1 d17.14
MinimumVisualStudioVersion = 10.0.40219.1
Project("{FAE04EC0-301F-11D3-BF4B-00C04F79EFBC}") = "Generics2", "Generics2.csproj", "{21AF6DE5-3B18-4800-AE12-7873FF07FC9D}"
EndProject
Global
	GlobalSection(SolutionConfigurationPlatforms) = preSolution
		Debug|Any CPU = Debug|Any CPU
		Release|Any CPU = Release|Any CPU
	EndGlobalSection
	GlobalSection(ProjectConfigurationPlatforms) = postSolution
		{21AF6DE5-3B18-4800-AE12-7873FF07FC9D}.Debug|Any CPU.ActiveCfg = Debug|Any CPU
		{21AF6DE5-3B18-4800-AE12-7873FF07FC9D}.Debug|Any CPU.Build.0 = Debug|Any CPU
		{21AF6DE5-3B18-4800-AE12-7873FF07FC9D}.Release|Any CPU.ActiveCfg = Release|Any CPU
		{21AF6DE5-3B18-4800-AE12-7873FF07FC9D}.Release|Any CPU.Build.0 = Release|Any CPU
	EndGlobalSection
	GlobalSection(SolutionProperties) = preSolution
		HideSolutionNode = FALSE
	EndGlobalSection
	GlobalSection(ExtensibilityGlobals) = postSolution
		SolutionGuid = {51FC58C0-0B3F-422E-87E2-FA5CFBEF5889}
	EndGlobalSection
EndGlobal
