
Microsoft Visual Studio Solution File, Format Version 12.00
# Visual Studio Version 17
VisualStudioVersion = 17.14.36221.1 d17.14
MinimumVisualStudioVersion = 10.0.40219.1
Project("{FAE04EC0-301F-11D3-BF4B-00C04F79EFBC}") = "ExercicioDeFixacao01", "ExercicioDeFixacao01\ExercicioDeFixacao01.csproj", "{EA50BC86-C91E-495B-BE5A-FE0925FFBC69}"
EndProject
Global
	GlobalSection(SolutionConfigurationPlatforms) = preSolution
		Debug|Any CPU = Debug|Any CPU
		Release|Any CPU = Release|Any CPU
	EndGlobalSection
	GlobalSection(ProjectConfigurationPlatforms) = postSolution
		{EA50BC86-C91E-495B-BE5A-FE0925FFBC69}.Debug|Any CPU.ActiveCfg = Debug|Any CPU
		{EA50BC86-C91E-495B-BE5A-FE0925FFBC69}.Debug|Any CPU.Build.0 = Debug|Any CPU
		{EA50BC86-C91E-495B-BE5A-FE0925FFBC69}.Release|Any CPU.ActiveCfg = Release|Any CPU
		{EA50BC86-C91E-495B-BE5A-FE0925FFBC69}.Release|Any CPU.Build.0 = Release|Any CPU
	EndGlobalSection
	GlobalSection(SolutionProperties) = preSolution
		HideSolutionNode = FALSE
	EndGlobalSection
	GlobalSection(ExtensibilityGlobals) = postSolution
		SolutionGuid = {FBAAB87F-C237-4550-B762-2EF853C7B6E9}
	EndGlobalSection
EndGlobal
