
Microsoft Visual Studio Solution File, Format Version 12.00
# Visual Studio Version 17
VisualStudioVersion = 17.14.36221.1 d17.14
MinimumVisualStudioVersion = 10.0.40219.1
Project("{FAE04EC0-301F-11D3-BF4B-00C04F79EFBC}") = "ExerciciosPropostosPT1", "ExerciciosPropostosPT1\ExerciciosPropostosPT1.csproj", "{2A4CF157-558F-4B44-AE02-6453145034CE}"
EndProject
Global
	GlobalSection(SolutionConfigurationPlatforms) = preSolution
		Debug|Any CPU = Debug|Any CPU
		Release|Any CPU = Release|Any CPU
	EndGlobalSection
	GlobalSection(ProjectConfigurationPlatforms) = postSolution
		{2A4CF157-558F-4B44-AE02-6453145034CE}.Debug|Any CPU.ActiveCfg = Debug|Any CPU
		{2A4CF157-558F-4B44-AE02-6453145034CE}.Debug|Any CPU.Build.0 = Debug|Any CPU
		{2A4CF157-558F-4B44-AE02-6453145034CE}.Release|Any CPU.ActiveCfg = Release|Any CPU
		{2A4CF157-558F-4B44-AE02-6453145034CE}.Release|Any CPU.Build.0 = Release|Any CPU
	EndGlobalSection
	GlobalSection(SolutionProperties) = preSolution
		HideSolutionNode = FALSE
	EndGlobalSection
	GlobalSection(ExtensibilityGlobals) = postSolution
		SolutionGuid = {B16ADF42-C4EE-4E4D-8F09-82E13F0B075B}
	EndGlobalSection
EndGlobal
