
Microsoft Visual Studio Solution File, Format Version 12.00
# Visual Studio Version 17
VisualStudioVersion = 17.14.36202.13 d17.14
MinimumVisualStudioVersion = 10.0.40219.1
Project("{FAE04EC0-301F-11D3-BF4B-00C04F79EFBC}") = "DesafiosURA", "DesafiosURA\DesafiosURA.csproj", "{C88CA6E1-B67D-430E-909B-8FB2BC00669C}"
EndProject
Global
	GlobalSection(SolutionConfigurationPlatforms) = preSolution
		Debug|Any CPU = Debug|Any CPU
		Release|Any CPU = Release|Any CPU
	EndGlobalSection
	GlobalSection(ProjectConfigurationPlatforms) = postSolution
		{C88CA6E1-B67D-430E-909B-8FB2BC00669C}.Debug|Any CPU.ActiveCfg = Debug|Any CPU
		{C88CA6E1-B67D-430E-909B-8FB2BC00669C}.Debug|Any CPU.Build.0 = Debug|Any CPU
		{C88CA6E1-B67D-430E-909B-8FB2BC00669C}.Release|Any CPU.ActiveCfg = Release|Any CPU
		{C88CA6E1-B67D-430E-909B-8FB2BC00669C}.Release|Any CPU.Build.0 = Release|Any CPU
	EndGlobalSection
	GlobalSection(SolutionProperties) = preSolution
		HideSolutionNode = FALSE
	EndGlobalSection
	GlobalSection(ExtensibilityGlobals) = postSolution
		SolutionGuid = {DED99639-AA0E-406F-8AD2-272CDBDDC939}
	EndGlobalSection
EndGlobal
